
Microsoft Visual Studio Solution File, Format Version 12.00
# Visual Studio 14
VisualStudioVersion = 14.0.23107.0
MinimumVisualStudioVersion = 10.0.40219.1
Project("{FAE04EC0-301F-11D3-BF4B-00C04F79EFBC}") = "DSP.Reading", "DSP.Reading\DSP.Reading.csproj", "{D7176FBD-317B-4AD4-840F-824E3228A021}"
EndProject
Project("{FAE04EC0-301F-11D3-BF4B-00C04F79EFBC}") = "DSP.Utils", "DSP.Utils\DSP.Utils.csproj", "{7D34018C-35F0-495D-99CF-D17C3D354722}"
EndProject
Project("{FAE04EC0-301F-11D3-BF4B-00C04F79EFBC}") = "DSP.Console", "DSP.Console\DSP.Console.csproj", "{D4074873-FA7D-48F4-9544-241100C406E1}"
EndProject
Project("{FAE04EC0-301F-11D3-BF4B-00C04F79EFBC}") = "DSP.Core", "DSP.Core\DSP.Core.csproj", "{51592F25-1460-4227-8D73-819910D312B6}"
EndProject
Project("{FAE04EC0-301F-11D3-BF4B-00C04F79EFBC}") = "DSP.Web", "DSP.Web\DSP.Web.csproj", "{0AFF9122-BDBE-4F8C-8C6E-A48C96CD6D11}"
EndProject
Global
	GlobalSection(SolutionConfigurationPlatforms) = preSolution
		Debug|Any CPU = Debug|Any CPU
		Release|Any CPU = Release|Any CPU
	EndGlobalSection
	GlobalSection(ProjectConfigurationPlatforms) = postSolution
		{D7176FBD-317B-4AD4-840F-824E3228A021}.Debug|Any CPU.ActiveCfg = Debug|Any CPU
		{D7176FBD-317B-4AD4-840F-824E3228A021}.Debug|Any CPU.Build.0 = Debug|Any CPU
		{D7176FBD-317B-4AD4-840F-824E3228A021}.Release|Any CPU.ActiveCfg = Release|Any CPU
		{D7176FBD-317B-4AD4-840F-824E3228A021}.Release|Any CPU.Build.0 = Release|Any CPU
		{7D34018C-35F0-495D-99CF-D17C3D354722}.Debug|Any CPU.ActiveCfg = Debug|Any CPU
		{7D34018C-35F0-495D-99CF-D17C3D354722}.Debug|Any CPU.Build.0 = Debug|Any CPU
		{7D34018C-35F0-495D-99CF-D17C3D354722}.Release|Any CPU.ActiveCfg = Release|Any CPU
		{7D34018C-35F0-495D-99CF-D17C3D354722}.Release|Any CPU.Build.0 = Release|Any CPU
		{D4074873-FA7D-48F4-9544-241100C406E1}.Debug|Any CPU.ActiveCfg = Debug|Any CPU
		{D4074873-FA7D-48F4-9544-241100C406E1}.Debug|Any CPU.Build.0 = Debug|Any CPU
		{D4074873-FA7D-48F4-9544-241100C406E1}.Release|Any CPU.ActiveCfg = Release|Any CPU
		{D4074873-FA7D-48F4-9544-241100C406E1}.Release|Any CPU.Build.0 = Release|Any CPU
		{51592F25-1460-4227-8D73-819910D312B6}.Debug|Any CPU.ActiveCfg = Debug|Any CPU
		{51592F25-1460-4227-8D73-819910D312B6}.Debug|Any CPU.Build.0 = Debug|Any CPU
		{51592F25-1460-4227-8D73-819910D312B6}.Release|Any CPU.ActiveCfg = Release|Any CPU
		{51592F25-1460-4227-8D73-819910D312B6}.Release|Any CPU.Build.0 = Release|Any CPU
		{0AFF9122-BDBE-4F8C-8C6E-A48C96CD6D11}.Debug|Any CPU.ActiveCfg = Debug|Any CPU
		{0AFF9122-BDBE-4F8C-8C6E-A48C96CD6D11}.Debug|Any CPU.Build.0 = Debug|Any CPU
		{0AFF9122-BDBE-4F8C-8C6E-A48C96CD6D11}.Release|Any CPU.ActiveCfg = Release|Any CPU
		{0AFF9122-BDBE-4F8C-8C6E-A48C96CD6D11}.Release|Any CPU.Build.0 = Release|Any CPU
	EndGlobalSection
	GlobalSection(SolutionProperties) = preSolution
		HideSolutionNode = FALSE
	EndGlobalSection
EndGlobal
